
Microsoft Visual Studio Solution File, Format Version 12.00
# Visual Studio 15
Project("{FAE04EC0-301F-11D3-BF4B-00C04F79EFBC}") = "Assembly-CSharp", "Assembly-CSharp.csproj", "{D9B66E59-3162-B489-4773-6F672B920E25}"
EndProject
Project("{FAE04EC0-301F-11D3-BF4B-00C04F79EFBC}") = "Assembly-CSharp-Editor", "Assembly-CSharp-Editor.csproj", "{C6DF8727-AD09-E5F7-526A-AF890137F547}"
EndProject
Global
	GlobalSection(SolutionConfigurationPlatforms) = preSolution
		Debug|Any CPU = Debug|Any CPU
		Release|Any CPU = Release|Any CPU
	EndGlobalSection
	GlobalSection(ProjectConfigurationPlatforms) = postSolution
		{D9B66E59-3162-B489-4773-6F672B920E25}.Debug|Any CPU.ActiveCfg = Debug|Any CPU
		{D9B66E59-3162-B489-4773-6F672B920E25}.Debug|Any CPU.Build.0 = Debug|Any CPU
		{D9B66E59-3162-B489-4773-6F672B920E25}.Release|Any CPU.ActiveCfg = Release|Any CPU
		{D9B66E59-3162-B489-4773-6F672B920E25}.Release|Any CPU.Build.0 = Release|Any CPU
		{C6DF8727-AD09-E5F7-526A-AF890137F547}.Debug|Any CPU.ActiveCfg = Debug|Any CPU
		{C6DF8727-AD09-E5F7-526A-AF890137F547}.Debug|Any CPU.Build.0 = Debug|Any CPU
		{C6DF8727-AD09-E5F7-526A-AF890137F547}.Release|Any CPU.ActiveCfg = Release|Any CPU
		{C6DF8727-AD09-E5F7-526A-AF890137F547}.Release|Any CPU.Build.0 = Release|Any CPU
	EndGlobalSection
	GlobalSection(SolutionProperties) = preSolution
		HideSolutionNode = FALSE
	EndGlobalSection
EndGlobal
